
Microsoft Visual Studio Solution File, Format Version 12.00
# Visual Studio 15
Project("{FAE04EC0-301F-11D3-BF4B-00C04F79EFBC}") = "testvsmac", "testvsmac\testvsmac.csproj", "{8D6982DD-3299-4153-8D59-897AE5FC930E}"
EndProject
Global
	GlobalSection(SolutionConfigurationPlatforms) = preSolution
		Debug|Any CPU = Debug|Any CPU
		Release|Any CPU = Release|Any CPU
	EndGlobalSection
	GlobalSection(ProjectConfigurationPlatforms) = postSolution
		{8D6982DD-3299-4153-8D59-897AE5FC930E}.Debug|Any CPU.ActiveCfg = Debug|Any CPU
		{8D6982DD-3299-4153-8D59-897AE5FC930E}.Debug|Any CPU.Build.0 = Debug|Any CPU
		{8D6982DD-3299-4153-8D59-897AE5FC930E}.Release|Any CPU.ActiveCfg = Release|Any CPU
		{8D6982DD-3299-4153-8D59-897AE5FC930E}.Release|Any CPU.Build.0 = Release|Any CPU
	EndGlobalSection
EndGlobal
